// !$*UTF8*$!
{
	archiveVersion = 1;
	classes = {
	};
	objectVersion = 46;
	objects = {

/* Begin PBXBuildFile section */
		FD43AE401E480A4600CF7560 /* AppDelegate.swift in Sources */ = {isa = PBXBuildFile; fileRef = FD43AE3F1E480A4600CF7560 /* AppDelegate.swift */; };
		FD43AE421E480A4600CF7560 /* ViewController.swift in Sources */ = {isa = PBXBuildFile; fileRef = FD43AE411E480A4600CF7560 /* ViewController.swift */; };
		FD43AE451E480A4600CF7560 /* Main.storyboard in Resources */ = {isa = PBXBuildFile; fileRef = FD43AE431E480A4600CF7560 /* Main.storyboard */; };
		FD43AE471E480A4600CF7560 /* Assets.xcassets in Resources */ = {isa = PBXBuildFile; fileRef = FD43AE461E480A4600CF7560 /* Assets.xcassets */; };
		FD43AE4A1E480A4600CF7560 /* LaunchScreen.storyboard in Resources */ = {isa = PBXBuildFile; fileRef = FD43AE481E480A4600CF7560 /* LaunchScreen.storyboard */; };
		FD43AE531E480B2000CF7560 /* LXFActionSheet.swift in Sources */ = {isa = PBXBuildFile; fileRef = FD43AE521E480B2000CF7560 /* LXFActionSheet.swift */; };
/* End PBXBuildFile section */

/* Begin PBXFileReference section */
		FD43AE3C1E480A4600CF7560 /* LXFActionSheetDemo.app */ = {isa = PBXFileReference; explicitFileType = wrapper.application; includeInIndex = 0; path = LXFActionSheetDemo.app; sourceTree = BUILT_PRODUCTS_DIR; };
		FD43AE3F1E480A4600CF7560 /* AppDelegate.swift */ = {isa = PBXFileReference; lastKnownFileType = sourcecode.swift; path = AppDelegate.swift; sourceTree = "<group>"; };
		FD43AE411E480A4600CF7560 /* ViewController.swift */ = {isa = PBXFileReference; lastKnownFileType = sourcecode.swift; path = ViewController.swift; sourceTree = "<group>"; };
		FD43AE441E480A4600CF7560 /* Base */ = {isa = PBXFileReference; lastKnownFileType = file.storyboard; name = Base; path = Base.lproj/Main.storyboard; sourceTree = "<group>"; };
		FD43AE461E480A4600CF7560 /* Assets.xcassets */ = {isa = PBXFileReference; lastKnownFileType = folder.assetcatalog; path = Assets.xcassets; sourceTree = "<group>"; };
		FD43AE491E480A4600CF7560 /* Base */ = {isa = PBXFileReference; lastKnownFileType = file.storyboard; name = Base; path = Base.lproj/LaunchScreen.storyboard; sourceTree = "<group>"; };
		FD43AE4B1E480A4600CF7560 /* Info.plist */ = {isa = PBXFileReference; lastKnownFileType = text.plist.xml; path = Info.plist; sourceTree = "<group>"; };
		FD43AE521E480B2000CF7560 /* LXFActionSheet.swift */ = {isa = PBXFileReference; fileEncoding = 4; lastKnownFileType = sourcecode.swift; path = LXFActionSheet.swift; sourceTree = "<group>"; };
/* End PBXFileReference section */

/* Begin PBXFrameworksBuildPhase section */
		FD43AE391E480A4600CF7560 /* Frameworks */ = {
			isa = PBXFrameworksBuildPhase;
			buildActionMask = 2147483647;
			files = (
			);
			runOnlyForDeploymentPostprocessing = 0;
		};
/* End PBXFrameworksBuildPhase section */

/* Begin PBXGroup section */
		FD43AE331E480A4600CF7560 = {
			isa = PBXGroup;
			children = (
				FD43AE3E1E480A4600CF7560 /* LXFActionSheetDemo */,
				FD43AE3D1E480A4600CF7560 /* Products */,
			);
			sourceTree = "<group>";
		};
		FD43AE3D1E480A4600CF7560 /* Products */ = {
			isa = PBXGroup;
			children = (
				FD43AE3C1E480A4600CF7560 /* LXFActionSheetDemo.app */,
			);
			name = Products;
			sourceTree = "<group>";
		};
		FD43AE3E1E480A4600CF7560 /* LXFActionSheetDemo */ = {
			isa = PBXGroup;
			children = (
				FD43AE511E480B2000CF7560 /* LXFActionSheet */,
				FD43AE3F1E480A4600CF7560 /* AppDelegate.swift */,
				FD43AE411E480A4600CF7560 /* ViewController.swift */,
				FD43AE431E480A4600CF7560 /* Main.storyboard */,
				FD43AE461E480A4600CF7560 /* Assets.xcassets */,
				FD43AE481E480A4600CF7560 /* LaunchScreen.storyboard */,
				FD43AE4B1E480A4600CF7560 /* Info.plist */,
			);
			path = LXFActionSheetDemo;
			sourceTree = "<group>";
		};
		FD43AE511E480B2000CF7560 /* LXFActionSheet */ = {
			isa = PBXGroup;
			children = (
				FD43AE521E480B2000CF7560 /* LXFActionSheet.swift */,
			);
			path = LXFActionSheet;
			sourceTree = "<group>";
		};
/* End PBXGroup section */

/* Begin PBXNativeTarget section */
		FD43AE3B1E480A4600CF7560 /* LXFActionSheetDemo */ = {
			isa = PBXNativeTarget;
			buildConfigurationList = FD43AE4E1E480A4600CF7560 /* Build configuration list for PBXNativeTarget "LXFActionSheetDemo" */;
			buildPhases = (
				FD43AE381E480A4600CF7560 /* Sources */,
				FD43AE391E480A4600CF7560 /* Frameworks */,
				FD43AE3A1E480A4600CF7560 /* Resources */,
			);
			buildRules = (
			);
			dependencies = (
			);
			name = LXFActionSheetDemo;
			productName = LXFActionSheetDemo;
			productReference = FD43AE3C1E480A4600CF7560 /* LXFActionSheetDemo.app */;
			productType = "com.apple.product-type.application";
		};
/* End PBXNativeTarget section */

/* Begin PBXProject section */
		FD43AE341E480A4600CF7560 /* Project object */ = {
			isa = PBXProject;
			attributes = {
				LastSwiftUpdateCheck = 0810;
				LastUpgradeCheck = 0810;
				ORGANIZATIONNAME = "林洵锋";
				TargetAttributes = {
					FD43AE3B1E480A4600CF7560 = {
						CreatedOnToolsVersion = 8.1;
						ProvisioningStyle = Automatic;
					};
				};
			};
			buildConfigurationList = FD43AE371E480A4600CF7560 /* Build configuration list for PBXProject "LXFActionSheetDemo" */;
			compatibilityVersion = "Xcode 3.2";
			developmentRegion = English;
			hasScannedForEncodings = 0;
			knownRegions = (
				en,
				Base,
			);
			mainGroup = FD43AE331E480A4600CF7560;
			productRefGroup = FD43AE3D1E480A4600CF7560 /* Products */;
			projectDirPath = "";
			projectRoot = "";
			targets = (
				FD43AE3B1E480A4600CF7560 /* LXFActionSheetDemo */,
			);
		};
/* End PBXProject section */

/* Begin PBXResourcesBuildPhase section */
		FD43AE3A1E480A4600CF7560 /* Resources */ = {
			isa = PBXResourcesBuildPhase;
			buildActionMask = 2147483647;
			files = (
				FD43AE4A1E480A4600CF7560 /* LaunchScreen.storyboard in Resources */,
				FD43AE471E480A4600CF7560 /* Assets.xcassets in Resources */,
				FD43AE451E480A4600CF7560 /* Main.storyboard in Resources */,
			);
			runOnlyForDeploymentPostprocessing = 0;
		};
/* End PBXResourcesBuildPhase section */

/* Begin PBXSourcesBuildPhase section */
		FD43AE381E480A4600CF7560 /* Sources */ = {
			isa = PBXSourcesBuildPhase;
			buildActionMask = 2147483647;
			files = (
				FD43AE531E480B2000CF7560 /* LXFActionSheet.swift in Sources */,
				FD43AE421E480A4600CF7560 /* ViewController.swift in Sources */,
				FD43AE401E480A4600CF7560 /* AppDelegate.swift in Sources */,
			);
			runOnlyForDeploymentPostprocessing = 0;
		};
/* End PBXSourcesBuildPhase section */

/* Begin PBXVariantGroup section */
		FD43AE431E480A4600CF7560 /* Main.storyboard */ = {
			isa = PBXVariantGroup;
			children = (
				FD43AE441E480A4600CF7560 /* Base */,
			);
			name = Main.storyboard;
			sourceTree = "<group>";
		};
		FD43AE481E480A4600CF7560 /* LaunchScreen.storyboard */ = {
			isa = PBXVariantGroup;
			children = (
				FD43AE491E480A4600CF7560 /* Base */,
			);
			name = LaunchScreen.storyboard;
			sourceTree = "<group>";
		};
/* End PBXVariantGroup section */

/* Begin XCBuildConfiguration section */
		FD43AE4C1E480A4600CF7560 /* Debug */ = {
			isa = XCBuildConfiguration;
			buildSettings = {
				ALWAYS_SEARCH_USER_PATHS = NO;
				CLANG_ANALYZER_NONNULL = YES;
				CLANG_CXX_LANGUAGE_STANDARD = "gnu++0x";
				CLANG_CXX_LIBRARY = "libc++";
				CLANG_ENABLE_MODULES = YES;
				CLANG_ENABLE_OBJC_ARC = YES;
				CLANG_WARN_BOOL_CONVERSION = YES;
				CLANG_WARN_CONSTANT_CONVERSION = YES;
				CLANG_WARN_DIRECT_OBJC_ISA_USAGE = YES_ERROR;
				CLANG_WARN_DOCUMENTATION_COMMENTS = YES;
				CLANG_WARN_EMPTY_BODY = YES;
				CLANG_WARN_ENUM_CONVERSION = YES;
				CLANG_WARN_INFINITE_RECURSION = YES;
				CLANG_WARN_INT_CONVERSION = YES;
				CLANG_WARN_OBJC_ROOT_CLASS = YES_ERROR;
				CLANG_WARN_SUSPICIOUS_MOVES = YES;
				CLANG_WARN_UNREACHABLE_CODE = YES;
				CLANG_WARN__DUPLICATE_METHOD_MATCH = YES;
				"CODE_SIGN_IDENTITY[sdk=iphoneos*]" = "iPhone Developer";
				COPY_PHASE_STRIP = NO;
				DEBUG_INFORMATION_FORMAT = dwarf;
				ENABLE_STRICT_OBJC_MSGSEND = YES;
				ENABLE_TESTABILITY = YES;
				GCC_C_LANGUAGE_STANDARD = gnu99;
				GCC_DYNAMIC_NO_PIC = NO;
				GCC_NO_COMMON_BLOCKS = YES;
				GCC_OPTIMIZATION_LEVEL = 0;
				GCC_PREPROCESSOR_DEFINITIONS = (
					"DEBUG=1",
					"$(inherited)",
				);
				GCC_WARN_64_TO_32_BIT_CONVERSION = YES;
				GCC_WARN_ABOUT_RETURN_TYPE = YES_ERROR;
				GCC_WARN_UNDECLARED_SELECTOR = YES;
				GCC_WARN_UNINITIALIZED_AUTOS = YES_AGGRESSIVE;
				GCC_WARN_UNUSED_FUNCTION = YES;
				GCC_WARN_UNUSED_VARIABLE = YES;
				IPHONEOS_DEPLOYMENT_TARGET = 10.1;
				MTL_ENABLE_DEBUG_INFO = YES;
				ONLY_ACTIVE_ARCH = YES;
				SDKROOT = iphoneos;
				SWIFT_ACTIVE_COMPILATION_CONDITIONS = DEBUG;
				SWIFT_OPTIMIZATION_LEVEL = "-Onone";
			};
			name = Debug;
		};
		FD43AE4D1E480A4600CF7560 /* Release */ = {
			isa = XCBuildConfiguration;
			buildSettings = {
				ALWAYS_SEARCH_USER_PATHS = NO;
				CLANG_ANALYZER_NONNULL = YES;
				CLANG_CXX_LANGUAGE_STANDARD = "gnu++0x";
				CLANG_CXX_LIBRARY = "libc++";
				CLANG_ENABLE_MODULES = YES;
				CLANG_ENABLE_OBJC_ARC = YES;
				CLANG_WARN_BOOL_CONVERSION = YES;
				CLANG_WARN_CONSTANT_CONVERSION = YES;
				CLANG_WARN_DIRECT_OBJC_ISA_USAGE = YES_ERROR;
				CLANG_WARN_DOCUMENTATION_COMMENTS = YES;
				CLANG_WARN_EMPTY_BODY = YES;
				CLANG_WARN_ENUM_CONVERSION = YES;
				CLANG_WARN_INFINITE_RECURSION = YES;
				CLANG_WARN_INT_CONVERSION = YES;
				CLANG_WARN_OBJC_ROOT_CLASS = YES_ERROR;
				CLANG_WARN_SUSPICIOUS_MOVES = YES;
				CLANG_WARN_UNREACHABLE_CODE = YES;
				CLANG_WARN__DUPLICATE_METHOD_MATCH = YES;
				"CODE_SIGN_IDENTITY[sdk=iphoneos*]" = "iPhone Developer";
				COPY_PHASE_STRIP = NO;
				DEBUG_INFORMATION_FORMAT = "dwarf-with-dsym";
				ENABLE_NS_ASSERTIONS = NO;
				ENABLE_STRICT_OBJC_MSGSEND = YES;
				GCC_C_LANGUAGE_STANDARD = gnu99;
				GCC_NO_COMMON_BLOCKS = YES;
				GCC_WARN_64_TO_32_BIT_CONVERSION = YES;
				GCC_WARN_ABOUT_RETURN_TYPE = YES_ERROR;
				GCC_WARN_UNDECLARED_SELECTOR = YES;
				GCC_WARN_UNINITIALIZED_AUTOS = YES_AGGRESSIVE;
				GCC_WARN_UNUSED_FUNCTION = YES;
				GCC_WARN_UNUSED_VARIABLE = YES;
				IPHONEOS_DEPLOYMENT_TARGET = 10.1;
				MTL_ENABLE_DEBUG_INFO = NO;
				SDKROOT = iphoneos;
				SWIFT_OPTIMIZATION_LEVEL = "-Owholemodule";
				VALIDATE_PRODUCT = YES;
			};
			name = Release;
		};
		FD43AE4F1E480A4600CF7560 /* Debug */ = {
			isa = XCBuildConfiguration;
			buildSettings = {
				ASSETCATALOG_COMPILER_APPICON_NAME = AppIcon;
				INFOPLIST_FILE = LXFActionSheetDemo/Info.plist;
				LD_RUNPATH_SEARCH_PATHS = "$(inherited) @executable_path/Frameworks";
				PRODUCT_BUNDLE_IDENTIFIER = com.LXF.LXFActionSheetDemo;
				PRODUCT_NAME = "$(TARGET_NAME)";
				SWIFT_VERSION = 3.0;
			};
			name = Debug;
		};
		FD43AE501E480A4600CF7560 /* Release */ = {
			isa = XCBuildConfiguration;
			buildSettings = {
				ASSETCATALOG_COMPILER_APPICON_NAME = AppIcon;
				INFOPLIST_FILE = LXFActionSheetDemo/Info.plist;
				LD_RUNPATH_SEARCH_PATHS = "$(inherited) @executable_path/Frameworks";
				PRODUCT_BUNDLE_IDENTIFIER = com.LXF.LXFActionSheetDemo;
				PRODUCT_NAME = "$(TARGET_NAME)";
				SWIFT_VERSION = 3.0;
			};
			name = Release;
		};
/* End XCBuildConfiguration section */

/* Begin XCConfigurationList section */
		FD43AE371E480A4600CF7560 /* Build configuration list for PBXProject "LXFActionSheetDemo" */ = {
			isa = XCConfigurationList;
			buildConfigurations = (
				FD43AE4C1E480A4600CF7560 /* Debug */,
				FD43AE4D1E480A4600CF7560 /* Release */,
			);
			defaultConfigurationIsVisible = 0;
			defaultConfigurationName = Release;
		};
		FD43AE4E1E480A4600CF7560 /* Build configuration list for PBXNativeTarget "LXFActionSheetDemo" */ = {
			isa = XCConfigurationList;
			buildConfigurations = (
				FD43AE4F1E480A4600CF7560 /* Debug */,
				FD43AE501E480A4600CF7560 /* Release */,
			);
			defaultConfigurationIsVisible = 0;
		};
/* End XCConfigurationList section */
	};
	rootObject = FD43AE341E480A4600CF7560 /* Project object */;
}
